{
  "requires": true,
  "lockfileVersion": 1,
  "dependencies": {
    "angular-pdfjs-viewer": {
      "version": "2.0.1",
      "resolved": "https://registry.npmjs.org/angular-pdfjs-viewer/-/angular-pdfjs-viewer-2.0.1.tgz",
      "integrity": "sha1-KnYVcp/UC9/01vHeVVyY6aES4Mc=",
      "requires": {
        "bower": "^1.8.2"
      }
    },
    "bower": {
      "version": "1.8.8",
      "resolved": "https://registry.npmjs.org/bower/-/bower-1.8.8.tgz",
      "integrity": "sha512-1SrJnXnkP9soITHptSO+ahx3QKp3cVzn8poI6ujqc5SeOkg5iqM1pK9H+DSc2OQ8SnO0jC/NG4Ur/UIwy7574A=="
    }
  }
}
